// !$*UTF8*$!
{
	archiveVersion = 1;
	classes = {
	};
	objectVersion = 56;
	objects = {

/* Begin PBXBuildFile section */
		130C33FE2CDF3FE3002C32A8 /* RecipeListApp.swift in Sources */ = {isa = PBXBuildFile; fileRef = 130C33FD2CDF3FE3002C32A8 /* RecipeListApp.swift */; };
		130C34022CDF3FE6002C32A8 /* Assets.xcassets in Resources */ = {isa = PBXBuildFile; fileRef = 130C34012CDF3FE6002C32A8 /* Assets.xcassets */; };
		130C34052CDF3FE6002C32A8 /* Preview Assets.xcassets in Resources */ = {isa = PBXBuildFile; fileRef = 130C34042CDF3FE6002C32A8 /* Preview Assets.xcassets */; };
		130C34192CDF3FE6002C32A8 /* RecipeListUITests.swift in Sources */ = {isa = PBXBuildFile; fileRef = 130C34182CDF3FE6002C32A8 /* RecipeListUITests.swift */; };
		130C341B2CDF3FE6002C32A8 /* RecipeListUITestsLaunchTests.swift in Sources */ = {isa = PBXBuildFile; fileRef = 130C341A2CDF3FE6002C32A8 /* RecipeListUITestsLaunchTests.swift */; };
		130C342C2CDF4100002C32A8 /* RecipeListView.swift in Sources */ = {isa = PBXBuildFile; fileRef = 130C342B2CDF4100002C32A8 /* RecipeListView.swift */; };
		130C34302CDF4129002C32A8 /* RecipeRowView.swift in Sources */ = {isa = PBXBuildFile; fileRef = 130C342F2CDF4129002C32A8 /* RecipeRowView.swift */; };
		130C34342CDF41F3002C32A8 /* Recipe.swift in Sources */ = {isa = PBXBuildFile; fileRef = 130C34332CDF41F3002C32A8 /* Recipe.swift */; };
		130C34362CDF4496002C32A8 /* RecipeViewModel.swift in Sources */ = {isa = PBXBuildFile; fileRef = 130C34352CDF4496002C32A8 /* RecipeViewModel.swift */; };
		130C343A2CDF4B57002C32A8 /* WebVideoView.swift in Sources */ = {isa = PBXBuildFile; fileRef = 130C34392CDF4B57002C32A8 /* WebVideoView.swift */; };
		130C343C2CDF4CA2002C32A8 /* APIManager.swift in Sources */ = {isa = PBXBuildFile; fileRef = 130C343B2CDF4CA2002C32A8 /* APIManager.swift */; };
		130C343E2CDF5151002C32A8 /* RecipeResponse.swift in Sources */ = {isa = PBXBuildFile; fileRef = 130C343D2CDF5151002C32A8 /* RecipeResponse.swift */; };
		130C34412CE1198D002C32A8 /* ImageCacheManager.swift in Sources */ = {isa = PBXBuildFile; fileRef = 130C34402CE1198D002C32A8 /* ImageCacheManager.swift */; };
		130C34432CE122C6002C32A8 /* CachedImageView.swift in Sources */ = {isa = PBXBuildFile; fileRef = 130C34422CE122C6002C32A8 /* CachedImageView.swift */; };
		130C34452CE127D2002C32A8 /* CachedImageViewModel.swift in Sources */ = {isa = PBXBuildFile; fileRef = 130C34442CE127D2002C32A8 /* CachedImageViewModel.swift */; };
		130C34492CE13D40002C32A8 /* NoRecipesView.swift in Sources */ = {isa = PBXBuildFile; fileRef = 130C34482CE13D40002C32A8 /* NoRecipesView.swift */; };
		130C344B2CE13D54002C32A8 /* NoRecipeFoundView.swift in Sources */ = {isa = PBXBuildFile; fileRef = 130C344A2CE13D53002C32A8 /* NoRecipeFoundView.swift */; };
		130C344D2CE149EE002C32A8 /* RecipeViewModelTests.swift in Sources */ = {isa = PBXBuildFile; fileRef = 130C344C2CE149EE002C32A8 /* RecipeViewModelTests.swift */; };
		130C344F2CE14A17002C32A8 /* CachedImageViewModelTests.swift in Sources */ = {isa = PBXBuildFile; fileRef = 130C344E2CE14A17002C32A8 /* CachedImageViewModelTests.swift */; };
		130C34532CE14DFB002C32A8 /* ImageCacheManagerTests.swift in Sources */ = {isa = PBXBuildFile; fileRef = 130C34522CE14DFB002C32A8 /* ImageCacheManagerTests.swift */; };
		130C34552CE15B4C002C32A8 /* APIManagerTests.swift in Sources */ = {isa = PBXBuildFile; fileRef = 130C34542CE15B4C002C32A8 /* APIManagerTests.swift */; };
/* End PBXBuildFile section */

/* Begin PBXContainerItemProxy section */
		130C340B2CDF3FE6002C32A8 /* PBXContainerItemProxy */ = {
			isa = PBXContainerItemProxy;
			containerPortal = 130C33F22CDF3FE3002C32A8 /* Project object */;
			proxyType = 1;
			remoteGlobalIDString = 130C33F92CDF3FE3002C32A8;
			remoteInfo = RecipeList;
		};
		130C34152CDF3FE6002C32A8 /* PBXContainerItemProxy */ = {
			isa = PBXContainerItemProxy;
			containerPortal = 130C33F22CDF3FE3002C32A8 /* Project object */;
			proxyType = 1;
			remoteGlobalIDString = 130C33F92CDF3FE3002C32A8;
			remoteInfo = RecipeList;
		};
/* End PBXContainerItemProxy section */

/* Begin PBXFileReference section */
		130C33FA2CDF3FE3002C32A8 /* RecipeList.app */ = {isa = PBXFileReference; explicitFileType = wrapper.application; includeInIndex = 0; path = RecipeList.app; sourceTree = BUILT_PRODUCTS_DIR; };
		130C33FD2CDF3FE3002C32A8 /* RecipeListApp.swift */ = {isa = PBXFileReference; lastKnownFileType = sourcecode.swift; path = RecipeListApp.swift; sourceTree = "<group>"; };
		130C34012CDF3FE6002C32A8 /* Assets.xcassets */ = {isa = PBXFileReference; lastKnownFileType = folder.assetcatalog; path = Assets.xcassets; sourceTree = "<group>"; };
		130C34042CDF3FE6002C32A8 /* Preview Assets.xcassets */ = {isa = PBXFileReference; lastKnownFileType = folder.assetcatalog; path = "Preview Assets.xcassets"; sourceTree = "<group>"; };
		130C340A2CDF3FE6002C32A8 /* RecipeListTests.xctest */ = {isa = PBXFileReference; explicitFileType = wrapper.cfbundle; includeInIndex = 0; path = RecipeListTests.xctest; sourceTree = BUILT_PRODUCTS_DIR; };
		130C34142CDF3FE6002C32A8 /* RecipeListUITests.xctest */ = {isa = PBXFileReference; explicitFileType = wrapper.cfbundle; includeInIndex = 0; path = RecipeListUITests.xctest; sourceTree = BUILT_PRODUCTS_DIR; };
		130C34182CDF3FE6002C32A8 /* RecipeListUITests.swift */ = {isa = PBXFileReference; lastKnownFileType = sourcecode.swift; path = RecipeListUITests.swift; sourceTree = "<group>"; };
		130C341A2CDF3FE6002C32A8 /* RecipeListUITestsLaunchTests.swift */ = {isa = PBXFileReference; lastKnownFileType = sourcecode.swift; path = RecipeListUITestsLaunchTests.swift; sourceTree = "<group>"; };
		130C342B2CDF4100002C32A8 /* RecipeListView.swift */ = {isa = PBXFileReference; lastKnownFileType = sourcecode.swift; path = RecipeListView.swift; sourceTree = "<group>"; };
		130C342F2CDF4129002C32A8 /* RecipeRowView.swift */ = {isa = PBXFileReference; lastKnownFileType = sourcecode.swift; path = RecipeRowView.swift; sourceTree = "<group>"; };
		130C34332CDF41F3002C32A8 /* Recipe.swift */ = {isa = PBXFileReference; lastKnownFileType = sourcecode.swift; path = Recipe.swift; sourceTree = "<group>"; };
		130C34352CDF4496002C32A8 /* RecipeViewModel.swift */ = {isa = PBXFileReference; lastKnownFileType = sourcecode.swift; path = RecipeViewModel.swift; sourceTree = "<group>"; };
		130C34392CDF4B57002C32A8 /* WebVideoView.swift */ = {isa = PBXFileReference; lastKnownFileType = sourcecode.swift; path = WebVideoView.swift; sourceTree = "<group>"; };
		130C343B2CDF4CA2002C32A8 /* APIManager.swift */ = {isa = PBXFileReference; lastKnownFileType = sourcecode.swift; path = APIManager.swift; sourceTree = "<group>"; };
		130C343D2CDF5151002C32A8 /* RecipeResponse.swift */ = {isa = PBXFileReference; lastKnownFileType = sourcecode.swift; path = RecipeResponse.swift; sourceTree = "<group>"; };
		130C34402CE1198D002C32A8 /* ImageCacheManager.swift */ = {isa = PBXFileReference; lastKnownFileType = sourcecode.swift; path = ImageCacheManager.swift; sourceTree = "<group>"; };
		130C34422CE122C6002C32A8 /* CachedImageView.swift */ = {isa = PBXFileReference; lastKnownFileType = sourcecode.swift; path = CachedImageView.swift; sourceTree = "<group>"; };
		130C34442CE127D2002C32A8 /* CachedImageViewModel.swift */ = {isa = PBXFileReference; lastKnownFileType = sourcecode.swift; path = CachedImageViewModel.swift; sourceTree = "<group>"; };
		130C34482CE13D40002C32A8 /* NoRecipesView.swift */ = {isa = PBXFileReference; lastKnownFileType = sourcecode.swift; path = NoRecipesView.swift; sourceTree = "<group>"; };
		130C344A2CE13D53002C32A8 /* NoRecipeFoundView.swift */ = {isa = PBXFileReference; lastKnownFileType = sourcecode.swift; path = NoRecipeFoundView.swift; sourceTree = "<group>"; };
		130C344C2CE149EE002C32A8 /* RecipeViewModelTests.swift */ = {isa = PBXFileReference; lastKnownFileType = sourcecode.swift; path = RecipeViewModelTests.swift; sourceTree = "<group>"; };
		130C344E2CE14A17002C32A8 /* CachedImageViewModelTests.swift */ = {isa = PBXFileReference; lastKnownFileType = sourcecode.swift; path = CachedImageViewModelTests.swift; sourceTree = "<group>"; };
		130C34522CE14DFB002C32A8 /* ImageCacheManagerTests.swift */ = {isa = PBXFileReference; lastKnownFileType = sourcecode.swift; path = ImageCacheManagerTests.swift; sourceTree = "<group>"; };
		130C34542CE15B4C002C32A8 /* APIManagerTests.swift */ = {isa = PBXFileReference; lastKnownFileType = sourcecode.swift; path = APIManagerTests.swift; sourceTree = "<group>"; };
/* End PBXFileReference section */

/* Begin PBXFrameworksBuildPhase section */
		130C33F72CDF3FE3002C32A8 /* Frameworks */ = {
			isa = PBXFrameworksBuildPhase;
			buildActionMask = 2147483647;
			files = (
			);
			runOnlyForDeploymentPostprocessing = 0;
		};
		130C34072CDF3FE6002C32A8 /* Frameworks */ = {
			isa = PBXFrameworksBuildPhase;
			buildActionMask = 2147483647;
			files = (
			);
			runOnlyForDeploymentPostprocessing = 0;
		};
		130C34112CDF3FE6002C32A8 /* Frameworks */ = {
			isa = PBXFrameworksBuildPhase;
			buildActionMask = 2147483647;
			files = (
			);
			runOnlyForDeploymentPostprocessing = 0;
		};
/* End PBXFrameworksBuildPhase section */

/* Begin PBXGroup section */
		130C33F12CDF3FE3002C32A8 = {
			isa = PBXGroup;
			children = (
				130C33FC2CDF3FE3002C32A8 /* RecipeList */,
				130C340D2CDF3FE6002C32A8 /* RecipeListTests */,
				130C34172CDF3FE6002C32A8 /* RecipeListUITests */,
				130C33FB2CDF3FE3002C32A8 /* Products */,
			);
			sourceTree = "<group>";
		};
		130C33FB2CDF3FE3002C32A8 /* Products */ = {
			isa = PBXGroup;
			children = (
				130C33FA2CDF3FE3002C32A8 /* RecipeList.app */,
				130C340A2CDF3FE6002C32A8 /* RecipeListTests.xctest */,
				130C34142CDF3FE6002C32A8 /* RecipeListUITests.xctest */,
			);
			name = Products;
			sourceTree = "<group>";
		};
		130C33FC2CDF3FE3002C32A8 /* RecipeList */ = {
			isa = PBXGroup;
			children = (
				130C343F2CE11979002C32A8 /* Util */,
				130C34322CDF41C0002C32A8 /* Resources */,
				130C34312CDF41B9002C32A8 /* App */,
				130C342A2CDF40BE002C32A8 /* Network */,
				130C34292CDF40AC002C32A8 /* ViewModels */,
				130C34282CDF4063002C32A8 /* Views */,
				130C34272CDF4044002C32A8 /* Models */,
				130C34032CDF3FE6002C32A8 /* Preview Content */,
			);
			path = RecipeList;
			sourceTree = "<group>";
		};
		130C34032CDF3FE6002C32A8 /* Preview Content */ = {
			isa = PBXGroup;
			children = (
				130C34042CDF3FE6002C32A8 /* Preview Assets.xcassets */,
			);
			path = "Preview Content";
			sourceTree = "<group>";
		};
		130C340D2CDF3FE6002C32A8 /* RecipeListTests */ = {
			isa = PBXGroup;
			children = (
				130C344C2CE149EE002C32A8 /* RecipeViewModelTests.swift */,
				130C344E2CE14A17002C32A8 /* CachedImageViewModelTests.swift */,
				130C34522CE14DFB002C32A8 /* ImageCacheManagerTests.swift */,
				130C34542CE15B4C002C32A8 /* APIManagerTests.swift */,
			);
			path = RecipeListTests;
			sourceTree = "<group>";
		};
		130C34172CDF3FE6002C32A8 /* RecipeListUITests */ = {
			isa = PBXGroup;
			children = (
				130C34182CDF3FE6002C32A8 /* RecipeListUITests.swift */,
				130C341A2CDF3FE6002C32A8 /* RecipeListUITestsLaunchTests.swift */,
			);
			path = RecipeListUITests;
			sourceTree = "<group>";
		};
		130C34272CDF4044002C32A8 /* Models */ = {
			isa = PBXGroup;
			children = (
				130C34332CDF41F3002C32A8 /* Recipe.swift */,
				130C343D2CDF5151002C32A8 /* RecipeResponse.swift */,
			);
			path = Models;
			sourceTree = "<group>";
		};
		130C34282CDF4063002C32A8 /* Views */ = {
			isa = PBXGroup;
			children = (
				130C342B2CDF4100002C32A8 /* RecipeListView.swift */,
				130C342F2CDF4129002C32A8 /* RecipeRowView.swift */,
				130C34392CDF4B57002C32A8 /* WebVideoView.swift */,
				130C34422CE122C6002C32A8 /* CachedImageView.swift */,
				130C34482CE13D40002C32A8 /* NoRecipesView.swift */,
				130C344A2CE13D53002C32A8 /* NoRecipeFoundView.swift */,
			);
			path = Views;
			sourceTree = "<group>";
		};
		130C34292CDF40AC002C32A8 /* ViewModels */ = {
			isa = PBXGroup;
			children = (
				130C34352CDF4496002C32A8 /* RecipeViewModel.swift */,
				130C34442CE127D2002C32A8 /* CachedImageViewModel.swift */,
			);
			path = ViewModels;
			sourceTree = "<group>";
		};
		130C342A2CDF40BE002C32A8 /* Network */ = {
			isa = PBXGroup;
			children = (
				130C343B2CDF4CA2002C32A8 /* APIManager.swift */,
			);
			path = Network;
			sourceTree = "<group>";
		};
		130C34312CDF41B9002C32A8 /* App */ = {
			isa = PBXGroup;
			children = (
				130C33FD2CDF3FE3002C32A8 /* RecipeListApp.swift */,
			);
			path = App;
			sourceTree = "<group>";
		};
		130C34322CDF41C0002C32A8 /* Resources */ = {
			isa = PBXGroup;
			children = (
				130C34012CDF3FE6002C32A8 /* Assets.xcassets */,
			);
			path = Resources;
			sourceTree = "<group>";
		};
		130C343F2CE11979002C32A8 /* Util */ = {
			isa = PBXGroup;
			children = (
				130C34402CE1198D002C32A8 /* ImageCacheManager.swift */,
			);
			path = Util;
			sourceTree = "<group>";
		};
/* End PBXGroup section */

/* Begin PBXNativeTarget section */
		130C33F92CDF3FE3002C32A8 /* RecipeList */ = {
			isa = PBXNativeTarget;
			buildConfigurationList = 130C341E2CDF3FE6002C32A8 /* Build configuration list for PBXNativeTarget "RecipeList" */;
			buildPhases = (
				130C33F62CDF3FE3002C32A8 /* Sources */,
				130C33F72CDF3FE3002C32A8 /* Frameworks */,
				130C33F82CDF3FE3002C32A8 /* Resources */,
			);
			buildRules = (
			);
			dependencies = (
			);
			name = RecipeList;
			productName = RecipeList;
			productReference = 130C33FA2CDF3FE3002C32A8 /* RecipeList.app */;
			productType = "com.apple.product-type.application";
		};
		130C34092CDF3FE6002C32A8 /* RecipeListTests */ = {
			isa = PBXNativeTarget;
			buildConfigurationList = 130C34212CDF3FE6002C32A8 /* Build configuration list for PBXNativeTarget "RecipeListTests" */;
			buildPhases = (
				130C34062CDF3FE6002C32A8 /* Sources */,
				130C34072CDF3FE6002C32A8 /* Frameworks */,
				130C34082CDF3FE6002C32A8 /* Resources */,
			);
			buildRules = (
			);
			dependencies = (
				130C340C2CDF3FE6002C32A8 /* PBXTargetDependency */,
			);
			name = RecipeListTests;
			productName = RecipeListTests;
			productReference = 130C340A2CDF3FE6002C32A8 /* RecipeListTests.xctest */;
			productType = "com.apple.product-type.bundle.unit-test";
		};
		130C34132CDF3FE6002C32A8 /* RecipeListUITests */ = {
			isa = PBXNativeTarget;
			buildConfigurationList = 130C34242CDF3FE6002C32A8 /* Build configuration list for PBXNativeTarget "RecipeListUITests" */;
			buildPhases = (
				130C34102CDF3FE6002C32A8 /* Sources */,
				130C34112CDF3FE6002C32A8 /* Frameworks */,
				130C34122CDF3FE6002C32A8 /* Resources */,
			);
			buildRules = (
			);
			dependencies = (
				130C34162CDF3FE6002C32A8 /* PBXTargetDependency */,
			);
			name = RecipeListUITests;
			productName = RecipeListUITests;
			productReference = 130C34142CDF3FE6002C32A8 /* RecipeListUITests.xctest */;
			productType = "com.apple.product-type.bundle.ui-testing";
		};
/* End PBXNativeTarget section */

/* Begin PBXProject section */
		130C33F22CDF3FE3002C32A8 /* Project object */ = {
			isa = PBXProject;
			attributes = {
				BuildIndependentTargetsInParallel = 1;
				LastSwiftUpdateCheck = 1540;
				LastUpgradeCheck = 1540;
				TargetAttributes = {
					130C33F92CDF3FE3002C32A8 = {
						CreatedOnToolsVersion = 15.4;
					};
					130C34092CDF3FE6002C32A8 = {
						CreatedOnToolsVersion = 15.4;
						TestTargetID = 130C33F92CDF3FE3002C32A8;
					};
					130C34132CDF3FE6002C32A8 = {
						CreatedOnToolsVersion = 15.4;
						TestTargetID = 130C33F92CDF3FE3002C32A8;
					};
				};
			};
			buildConfigurationList = 130C33F52CDF3FE3002C32A8 /* Build configuration list for PBXProject "RecipeList" */;
			compatibilityVersion = "Xcode 14.0";
			developmentRegion = en;
			hasScannedForEncodings = 0;
			knownRegions = (
				en,
				Base,
			);
			mainGroup = 130C33F12CDF3FE3002C32A8;
			productRefGroup = 130C33FB2CDF3FE3002C32A8 /* Products */;
			projectDirPath = "";
			projectRoot = "";
			targets = (
				130C33F92CDF3FE3002C32A8 /* RecipeList */,
				130C34092CDF3FE6002C32A8 /* RecipeListTests */,
				130C34132CDF3FE6002C32A8 /* RecipeListUITests */,
			);
		};
/* End PBXProject section */

/* Begin PBXResourcesBuildPhase section */
		130C33F82CDF3FE3002C32A8 /* Resources */ = {
			isa = PBXResourcesBuildPhase;
			buildActionMask = 2147483647;
			files = (
				130C34052CDF3FE6002C32A8 /* Preview Assets.xcassets in Resources */,
				130C34022CDF3FE6002C32A8 /* Assets.xcassets in Resources */,
			);
			runOnlyForDeploymentPostprocessing = 0;
		};
		130C34082CDF3FE6002C32A8 /* Resources */ = {
			isa = PBXResourcesBuildPhase;
			buildActionMask = 2147483647;
			files = (
			);
			runOnlyForDeploymentPostprocessing = 0;
		};
		130C34122CDF3FE6002C32A8 /* Resources */ = {
			isa = PBXResourcesBuildPhase;
			buildActionMask = 2147483647;
			files = (
			);
			runOnlyForDeploymentPostprocessing = 0;
		};
/* End PBXResourcesBuildPhase section */

/* Begin PBXSourcesBuildPhase section */
		130C33F62CDF3FE3002C32A8 /* Sources */ = {
			isa = PBXSourcesBuildPhase;
			buildActionMask = 2147483647;
			files = (
				130C34302CDF4129002C32A8 /* RecipeRowView.swift in Sources */,
				130C344B2CE13D54002C32A8 /* NoRecipeFoundView.swift in Sources */,
				130C34492CE13D40002C32A8 /* NoRecipesView.swift in Sources */,
				130C34452CE127D2002C32A8 /* CachedImageViewModel.swift in Sources */,
				130C343A2CDF4B57002C32A8 /* WebVideoView.swift in Sources */,
				130C34432CE122C6002C32A8 /* CachedImageView.swift in Sources */,
				130C34412CE1198D002C32A8 /* ImageCacheManager.swift in Sources */,
				130C342C2CDF4100002C32A8 /* RecipeListView.swift in Sources */,
				130C33FE2CDF3FE3002C32A8 /* RecipeListApp.swift in Sources */,
				130C34362CDF4496002C32A8 /* RecipeViewModel.swift in Sources */,
				130C34342CDF41F3002C32A8 /* Recipe.swift in Sources */,
				130C343E2CDF5151002C32A8 /* RecipeResponse.swift in Sources */,
				130C343C2CDF4CA2002C32A8 /* APIManager.swift in Sources */,
			);
			runOnlyForDeploymentPostprocessing = 0;
		};
		130C34062CDF3FE6002C32A8 /* Sources */ = {
			isa = PBXSourcesBuildPhase;
			buildActionMask = 2147483647;
			files = (
				130C34532CE14DFB002C32A8 /* ImageCacheManagerTests.swift in Sources */,
				130C344D2CE149EE002C32A8 /* RecipeViewModelTests.swift in Sources */,
				130C344F2CE14A17002C32A8 /* CachedImageViewModelTests.swift in Sources */,
				130C34552CE15B4C002C32A8 /* APIManagerTests.swift in Sources */,
			);
			runOnlyForDeploymentPostprocessing = 0;
		};
		130C34102CDF3FE6002C32A8 /* Sources */ = {
			isa = PBXSourcesBuildPhase;
			buildActionMask = 2147483647;
			files = (
				130C341B2CDF3FE6002C32A8 /* RecipeListUITestsLaunchTests.swift in Sources */,
				130C34192CDF3FE6002C32A8 /* RecipeListUITests.swift in Sources */,
			);
			runOnlyForDeploymentPostprocessing = 0;
		};
/* End PBXSourcesBuildPhase section */

/* Begin PBXTargetDependency section */
		130C340C2CDF3FE6002C32A8 /* PBXTargetDependency */ = {
			isa = PBXTargetDependency;
			target = 130C33F92CDF3FE3002C32A8 /* RecipeList */;
			targetProxy = 130C340B2CDF3FE6002C32A8 /* PBXContainerItemProxy */;
		};
		130C34162CDF3FE6002C32A8 /* PBXTargetDependency */ = {
			isa = PBXTargetDependency;
			target = 130C33F92CDF3FE3002C32A8 /* RecipeList */;
			targetProxy = 130C34152CDF3FE6002C32A8 /* PBXContainerItemProxy */;
		};
/* End PBXTargetDependency section */

/* Begin XCBuildConfiguration section */
		130C341C2CDF3FE6002C32A8 /* Debug */ = {
			isa = XCBuildConfiguration;
			buildSettings = {
				ALWAYS_SEARCH_USER_PATHS = NO;
				ASSETCATALOG_COMPILER_GENERATE_SWIFT_ASSET_SYMBOL_EXTENSIONS = YES;
				CLANG_ANALYZER_NONNULL = YES;
				CLANG_ANALYZER_NUMBER_OBJECT_CONVERSION = YES_AGGRESSIVE;
				CLANG_CXX_LANGUAGE_STANDARD = "gnu++20";
				CLANG_ENABLE_MODULES = YES;
				CLANG_ENABLE_OBJC_ARC = YES;
				CLANG_ENABLE_OBJC_WEAK = YES;
				CLANG_WARN_BLOCK_CAPTURE_AUTORELEASING = YES;
				CLANG_WARN_BOOL_CONVERSION = YES;
				CLANG_WARN_COMMA = YES;
				CLANG_WARN_CONSTANT_CONVERSION = YES;
				CLANG_WARN_DEPRECATED_OBJC_IMPLEMENTATIONS = YES;
				CLANG_WARN_DIRECT_OBJC_ISA_USAGE = YES_ERROR;
				CLANG_WARN_DOCUMENTATION_COMMENTS = YES;
				CLANG_WARN_EMPTY_BODY = YES;
				CLANG_WARN_ENUM_CONVERSION = YES;
				CLANG_WARN_INFINITE_RECURSION = YES;
				CLANG_WARN_INT_CONVERSION = YES;
				CLANG_WARN_NON_LITERAL_NULL_CONVERSION = YES;
				CLANG_WARN_OBJC_IMPLICIT_RETAIN_SELF = YES;
				CLANG_WARN_OBJC_LITERAL_CONVERSION = YES;
				CLANG_WARN_OBJC_ROOT_CLASS = YES_ERROR;
				CLANG_WARN_QUOTED_INCLUDE_IN_FRAMEWORK_HEADER = YES;
				CLANG_WARN_RANGE_LOOP_ANALYSIS = YES;
				CLANG_WARN_STRICT_PROTOTYPES = YES;
				CLANG_WARN_SUSPICIOUS_MOVE = YES;
				CLANG_WARN_UNGUARDED_AVAILABILITY = YES_AGGRESSIVE;
				CLANG_WARN_UNREACHABLE_CODE = YES;
				CLANG_WARN__DUPLICATE_METHOD_MATCH = YES;
				COPY_PHASE_STRIP = NO;
				DEBUG_INFORMATION_FORMAT = dwarf;
				ENABLE_STRICT_OBJC_MSGSEND = YES;
				ENABLE_TESTABILITY = YES;
				ENABLE_USER_SCRIPT_SANDBOXING = YES;
				GCC_C_LANGUAGE_STANDARD = gnu17;
				GCC_DYNAMIC_NO_PIC = NO;
				GCC_NO_COMMON_BLOCKS = YES;
				GCC_OPTIMIZATION_LEVEL = 0;
				GCC_PREPROCESSOR_DEFINITIONS = (
					"DEBUG=1",
					"$(inherited)",
				);
				GCC_WARN_64_TO_32_BIT_CONVERSION = YES;
				GCC_WARN_ABOUT_RETURN_TYPE = YES_ERROR;
				GCC_WARN_UNDECLARED_SELECTOR = YES;
				GCC_WARN_UNINITIALIZED_AUTOS = YES_AGGRESSIVE;
				GCC_WARN_UNUSED_FUNCTION = YES;
				GCC_WARN_UNUSED_VARIABLE = YES;
				IPHONEOS_DEPLOYMENT_TARGET = 17.5;
				LOCALIZATION_PREFERS_STRING_CATALOGS = YES;
				MTL_ENABLE_DEBUG_INFO = INCLUDE_SOURCE;
				MTL_FAST_MATH = YES;
				ONLY_ACTIVE_ARCH = YES;
				SDKROOT = iphoneos;
				SWIFT_ACTIVE_COMPILATION_CONDITIONS = "DEBUG $(inherited)";
				SWIFT_OPTIMIZATION_LEVEL = "-Onone";
			};
			name = Debug;
		};
		130C341D2CDF3FE6002C32A8 /* Release */ = {
			isa = XCBuildConfiguration;
			buildSettings = {
				ALWAYS_SEARCH_USER_PATHS = NO;
				ASSETCATALOG_COMPILER_GENERATE_SWIFT_ASSET_SYMBOL_EXTENSIONS = YES;
				CLANG_ANALYZER_NONNULL = YES;
				CLANG_ANALYZER_NUMBER_OBJECT_CONVERSION = YES_AGGRESSIVE;
				CLANG_CXX_LANGUAGE_STANDARD = "gnu++20";
				CLANG_ENABLE_MODULES = YES;
				CLANG_ENABLE_OBJC_ARC = YES;
				CLANG_ENABLE_OBJC_WEAK = YES;
				CLANG_WARN_BLOCK_CAPTURE_AUTORELEASING = YES;
				CLANG_WARN_BOOL_CONVERSION = YES;
				CLANG_WARN_COMMA = YES;
				CLANG_WARN_CONSTANT_CONVERSION = YES;
				CLANG_WARN_DEPRECATED_OBJC_IMPLEMENTATIONS = YES;
				CLANG_WARN_DIRECT_OBJC_ISA_USAGE = YES_ERROR;
				CLANG_WARN_DOCUMENTATION_COMMENTS = YES;
				CLANG_WARN_EMPTY_BODY = YES;
				CLANG_WARN_ENUM_CONVERSION = YES;
				CLANG_WARN_INFINITE_RECURSION = YES;
				CLANG_WARN_INT_CONVERSION = YES;
				CLANG_WARN_NON_LITERAL_NULL_CONVERSION = YES;
				CLANG_WARN_OBJC_IMPLICIT_RETAIN_SELF = YES;
				CLANG_WARN_OBJC_LITERAL_CONVERSION = YES;
				CLANG_WARN_OBJC_ROOT_CLASS = YES_ERROR;
				CLANG_WARN_QUOTED_INCLUDE_IN_FRAMEWORK_HEADER = YES;
				CLANG_WARN_RANGE_LOOP_ANALYSIS = YES;
				CLANG_WARN_STRICT_PROTOTYPES = YES;
				CLANG_WARN_SUSPICIOUS_MOVE = YES;
				CLANG_WARN_UNGUARDED_AVAILABILITY = YES_AGGRESSIVE;
				CLANG_WARN_UNREACHABLE_CODE = YES;
				CLANG_WARN__DUPLICATE_METHOD_MATCH = YES;
				COPY_PHASE_STRIP = NO;
				DEBUG_INFORMATION_FORMAT = "dwarf-with-dsym";
				ENABLE_NS_ASSERTIONS = NO;
				ENABLE_STRICT_OBJC_MSGSEND = YES;
				ENABLE_USER_SCRIPT_SANDBOXING = YES;
				GCC_C_LANGUAGE_STANDARD = gnu17;
				GCC_NO_COMMON_BLOCKS = YES;
				GCC_WARN_64_TO_32_BIT_CONVERSION = YES;
				GCC_WARN_ABOUT_RETURN_TYPE = YES_ERROR;
				GCC_WARN_UNDECLARED_SELECTOR = YES;
				GCC_WARN_UNINITIALIZED_AUTOS = YES_AGGRESSIVE;
				GCC_WARN_UNUSED_FUNCTION = YES;
				GCC_WARN_UNUSED_VARIABLE = YES;
				IPHONEOS_DEPLOYMENT_TARGET = 17.5;
				LOCALIZATION_PREFERS_STRING_CATALOGS = YES;
				MTL_ENABLE_DEBUG_INFO = NO;
				MTL_FAST_MATH = YES;
				SDKROOT = iphoneos;
				SWIFT_COMPILATION_MODE = wholemodule;
				VALIDATE_PRODUCT = YES;
			};
			name = Release;
		};
		130C341F2CDF3FE6002C32A8 /* Debug */ = {
			isa = XCBuildConfiguration;
			buildSettings = {
				ASSETCATALOG_COMPILER_APPICON_NAME = AppIcon;
				ASSETCATALOG_COMPILER_GLOBAL_ACCENT_COLOR_NAME = AccentColor;
				CODE_SIGN_STYLE = Automatic;
				CURRENT_PROJECT_VERSION = 1;
				DEVELOPMENT_ASSET_PATHS = "\"RecipeList/Preview Content\"";
				DEVELOPMENT_TEAM = HGXUHTRJS4;
				ENABLE_PREVIEWS = YES;
				GENERATE_INFOPLIST_FILE = YES;
				INFOPLIST_KEY_UIApplicationSceneManifest_Generation = YES;
				INFOPLIST_KEY_UIApplicationSupportsIndirectInputEvents = YES;
				INFOPLIST_KEY_UILaunchScreen_Generation = YES;
				INFOPLIST_KEY_UISupportedInterfaceOrientations_iPad = "UIInterfaceOrientationPortrait UIInterfaceOrientationPortraitUpsideDown UIInterfaceOrientationLandscapeLeft UIInterfaceOrientationLandscapeRight";
				INFOPLIST_KEY_UISupportedInterfaceOrientations_iPhone = "UIInterfaceOrientationPortrait UIInterfaceOrientationLandscapeLeft UIInterfaceOrientationLandscapeRight";
				IPHONEOS_DEPLOYMENT_TARGET = 16.0;
				LD_RUNPATH_SEARCH_PATHS = (
					"$(inherited)",
					"@executable_path/Frameworks",
				);
				MARKETING_VERSION = 1.0;
				PRODUCT_BUNDLE_IDENTIFIER = tl.RecipeList;
				PRODUCT_NAME = "$(TARGET_NAME)";
				SWIFT_EMIT_LOC_STRINGS = YES;
				SWIFT_VERSION = 5.0;
				TARGETED_DEVICE_FAMILY = "1,2";
			};
			name = Debug;
		};
		130C34202CDF3FE6002C32A8 /* Release */ = {
			isa = XCBuildConfiguration;
			buildSettings = {
				ASSETCATALOG_COMPILER_APPICON_NAME = AppIcon;
				ASSETCATALOG_COMPILER_GLOBAL_ACCENT_COLOR_NAME = AccentColor;
				CODE_SIGN_STYLE = Automatic;
				CURRENT_PROJECT_VERSION = 1;
				DEVELOPMENT_ASSET_PATHS = "\"RecipeList/Preview Content\"";
				DEVELOPMENT_TEAM = HGXUHTRJS4;
				ENABLE_PREVIEWS = YES;
				GENERATE_INFOPLIST_FILE = YES;
				INFOPLIST_KEY_UIApplicationSceneManifest_Generation = YES;
				INFOPLIST_KEY_UIApplicationSupportsIndirectInputEvents = YES;
				INFOPLIST_KEY_UILaunchScreen_Generation = YES;
				INFOPLIST_KEY_UISupportedInterfaceOrientations_iPad = "UIInterfaceOrientationPortrait UIInterfaceOrientationPortraitUpsideDown UIInterfaceOrientationLandscapeLeft UIInterfaceOrientationLandscapeRight";
				INFOPLIST_KEY_UISupportedInterfaceOrientations_iPhone = "UIInterfaceOrientationPortrait UIInterfaceOrientationLandscapeLeft UIInterfaceOrientationLandscapeRight";
				IPHONEOS_DEPLOYMENT_TARGET = 16.0;
				LD_RUNPATH_SEARCH_PATHS = (
					"$(inherited)",
					"@executable_path/Frameworks",
				);
				MARKETING_VERSION = 1.0;
				PRODUCT_BUNDLE_IDENTIFIER = tl.RecipeList;
				PRODUCT_NAME = "$(TARGET_NAME)";
				SWIFT_EMIT_LOC_STRINGS = YES;
				SWIFT_VERSION = 5.0;
				TARGETED_DEVICE_FAMILY = "1,2";
			};
			name = Release;
		};
		130C34222CDF3FE6002C32A8 /* Debug */ = {
			isa = XCBuildConfiguration;
			buildSettings = {
				ALWAYS_EMBED_SWIFT_STANDARD_LIBRARIES = YES;
				BUNDLE_LOADER = "$(TEST_HOST)";
				CODE_SIGN_STYLE = Automatic;
				CURRENT_PROJECT_VERSION = 1;
				DEVELOPMENT_TEAM = HGXUHTRJS4;
				GENERATE_INFOPLIST_FILE = YES;
				IPHONEOS_DEPLOYMENT_TARGET = 17.5;
				MARKETING_VERSION = 1.0;
				PRODUCT_BUNDLE_IDENTIFIER = tl.RecipeListTests;
				PRODUCT_NAME = "$(TARGET_NAME)";
				SWIFT_EMIT_LOC_STRINGS = NO;
				SWIFT_VERSION = 5.0;
				TARGETED_DEVICE_FAMILY = "1,2";
				TEST_HOST = "$(BUILT_PRODUCTS_DIR)/RecipeList.app/$(BUNDLE_EXECUTABLE_FOLDER_PATH)/RecipeList";
			};
			name = Debug;
		};
		130C34232CDF3FE6002C32A8 /* Release */ = {
			isa = XCBuildConfiguration;
			buildSettings = {
				ALWAYS_EMBED_SWIFT_STANDARD_LIBRARIES = YES;
				BUNDLE_LOADER = "$(TEST_HOST)";
				CODE_SIGN_STYLE = Automatic;
				CURRENT_PROJECT_VERSION = 1;
				DEVELOPMENT_TEAM = HGXUHTRJS4;
				GENERATE_INFOPLIST_FILE = YES;
				IPHONEOS_DEPLOYMENT_TARGET = 17.5;
				MARKETING_VERSION = 1.0;
				PRODUCT_BUNDLE_IDENTIFIER = tl.RecipeListTests;
				PRODUCT_NAME = "$(TARGET_NAME)";
				SWIFT_EMIT_LOC_STRINGS = NO;
				SWIFT_VERSION = 5.0;
				TARGETED_DEVICE_FAMILY = "1,2";
				TEST_HOST = "$(BUILT_PRODUCTS_DIR)/RecipeList.app/$(BUNDLE_EXECUTABLE_FOLDER_PATH)/RecipeList";
			};
			name = Release;
		};
		130C34252CDF3FE6002C32A8 /* Debug */ = {
			isa = XCBuildConfiguration;
			buildSettings = {
				ALWAYS_EMBED_SWIFT_STANDARD_LIBRARIES = YES;
				CODE_SIGN_STYLE = Automatic;
				CURRENT_PROJECT_VERSION = 1;
				DEVELOPMENT_TEAM = HGXUHTRJS4;
				GENERATE_INFOPLIST_FILE = YES;
				MARKETING_VERSION = 1.0;
				PRODUCT_BUNDLE_IDENTIFIER = tl.RecipeListUITests;
				PRODUCT_NAME = "$(TARGET_NAME)";
				SWIFT_EMIT_LOC_STRINGS = NO;
				SWIFT_VERSION = 5.0;
				TARGETED_DEVICE_FAMILY = "1,2";
				TEST_TARGET_NAME = RecipeList;
			};
			name = Debug;
		};
		130C34262CDF3FE6002C32A8 /* Release */ = {
			isa = XCBuildConfiguration;
			buildSettings = {
				ALWAYS_EMBED_SWIFT_STANDARD_LIBRARIES = YES;
				CODE_SIGN_STYLE = Automatic;
				CURRENT_PROJECT_VERSION = 1;
				DEVELOPMENT_TEAM = HGXUHTRJS4;
				GENERATE_INFOPLIST_FILE = YES;
				MARKETING_VERSION = 1.0;
				PRODUCT_BUNDLE_IDENTIFIER = tl.RecipeListUITests;
				PRODUCT_NAME = "$(TARGET_NAME)";
				SWIFT_EMIT_LOC_STRINGS = NO;
				SWIFT_VERSION = 5.0;
				TARGETED_DEVICE_FAMILY = "1,2";
				TEST_TARGET_NAME = RecipeList;
			};
			name = Release;
		};
/* End XCBuildConfiguration section */

/* Begin XCConfigurationList section */
		130C33F52CDF3FE3002C32A8 /* Build configuration list for PBXProject "RecipeList" */ = {
			isa = XCConfigurationList;
			buildConfigurations = (
				130C341C2CDF3FE6002C32A8 /* Debug */,
				130C341D2CDF3FE6002C32A8 /* Release */,
			);
			defaultConfigurationIsVisible = 0;
			defaultConfigurationName = Release;
		};
		130C341E2CDF3FE6002C32A8 /* Build configuration list for PBXNativeTarget "RecipeList" */ = {
			isa = XCConfigurationList;
			buildConfigurations = (
				130C341F2CDF3FE6002C32A8 /* Debug */,
				130C34202CDF3FE6002C32A8 /* Release */,
			);
			defaultConfigurationIsVisible = 0;
			defaultConfigurationName = Release;
		};
		130C34212CDF3FE6002C32A8 /* Build configuration list for PBXNativeTarget "RecipeListTests" */ = {
			isa = XCConfigurationList;
			buildConfigurations = (
				130C34222CDF3FE6002C32A8 /* Debug */,
				130C34232CDF3FE6002C32A8 /* Release */,
			);
			defaultConfigurationIsVisible = 0;
			defaultConfigurationName = Release;
		};
		130C34242CDF3FE6002C32A8 /* Build configuration list for PBXNativeTarget "RecipeListUITests" */ = {
			isa = XCConfigurationList;
			buildConfigurations = (
				130C34252CDF3FE6002C32A8 /* Debug */,
				130C34262CDF3FE6002C32A8 /* Release */,
			);
			defaultConfigurationIsVisible = 0;
			defaultConfigurationName = Release;
		};
/* End XCConfigurationList section */
	};
	rootObject = 130C33F22CDF3FE3002C32A8 /* Project object */;
}
